// !$*UTF8*$!
{
	archiveVersion = 1;
	classes = {
	};
	objectVersion = 46;
	objects = {

/* Begin PBXBuildFile section */
		ECE8955F1B045D6200ABE719 /* main.m in Sources */ = {isa = PBXBuildFile; fileRef = ECE8955E1B045D6200ABE719 /* main.m */; };
		ECE895621B045D6200ABE719 /* AppDelegate.m in Sources */ = {isa = PBXBuildFile; fileRef = ECE895611B045D6200ABE719 /* AppDelegate.m */; };
		ECE895651B045D6200ABE719 /* ViewController.m in Sources */ = {isa = PBXBuildFile; fileRef = ECE895641B045D6200ABE719 /* ViewController.m */; };
		ECE895681B045D6200ABE719 /* Main.storyboard in Resources */ = {isa = PBXBuildFile; fileRef = ECE895661B045D6200ABE719 /* Main.storyboard */; };
		ECE8956A1B045D6200ABE719 /* Images.xcassets in Resources */ = {isa = PBXBuildFile; fileRef = ECE895691B045D6200ABE719 /* Images.xcassets */; };
		ECE8956D1B045D6200ABE719 /* LaunchScreen.xib in Resources */ = {isa = PBXBuildFile; fileRef = ECE8956B1B045D6200ABE719 /* LaunchScreen.xib */; };
		ECE895791B045D6300ABE719 /* AndroidXMLLayoutForIOSTests.m in Sources */ = {isa = PBXBuildFile; fileRef = ECE895781B045D6300ABE719 /* AndroidXMLLayoutForIOSTests.m */; };
/* End PBXBuildFile section */

/* Begin PBXContainerItemProxy section */
		ECE895731B045D6300ABE719 /* PBXContainerItemProxy */ = {
			isa = PBXContainerItemProxy;
			containerPortal = ECE895511B045D6200ABE719 /* Project object */;
			proxyType = 1;
			remoteGlobalIDString = ECE895581B045D6200ABE719;
			remoteInfo = AndroidXMLLayoutForIOS;
		};
/* End PBXContainerItemProxy section */

/* Begin PBXFileReference section */
		ECE895591B045D6200ABE719 /* AndroidXMLLayoutForIOS.app */ = {isa = PBXFileReference; explicitFileType = wrapper.application; includeInIndex = 0; path = AndroidXMLLayoutForIOS.app; sourceTree = BUILT_PRODUCTS_DIR; };
		ECE8955D1B045D6200ABE719 /* Info.plist */ = {isa = PBXFileReference; lastKnownFileType = text.plist.xml; path = Info.plist; sourceTree = "<group>"; };
		ECE8955E1B045D6200ABE719 /* main.m */ = {isa = PBXFileReference; lastKnownFileType = sourcecode.c.objc; path = main.m; sourceTree = "<group>"; };
		ECE895601B045D6200ABE719 /* AppDelegate.h */ = {isa = PBXFileReference; lastKnownFileType = sourcecode.c.h; path = AppDelegate.h; sourceTree = "<group>"; };
		ECE895611B045D6200ABE719 /* AppDelegate.m */ = {isa = PBXFileReference; lastKnownFileType = sourcecode.c.objc; path = AppDelegate.m; sourceTree = "<group>"; };
		ECE895631B045D6200ABE719 /* ViewController.h */ = {isa = PBXFileReference; lastKnownFileType = sourcecode.c.h; path = ViewController.h; sourceTree = "<group>"; };
		ECE895641B045D6200ABE719 /* ViewController.m */ = {isa = PBXFileReference; lastKnownFileType = sourcecode.c.objc; path = ViewController.m; sourceTree = "<group>"; };
		ECE895671B045D6200ABE719 /* Base */ = {isa = PBXFileReference; lastKnownFileType = file.storyboard; name = Base; path = Base.lproj/Main.storyboard; sourceTree = "<group>"; };
		ECE895691B045D6200ABE719 /* Images.xcassets */ = {isa = PBXFileReference; lastKnownFileType = folder.assetcatalog; path = Images.xcassets; sourceTree = "<group>"; };
		ECE8956C1B045D6200ABE719 /* Base */ = {isa = PBXFileReference; lastKnownFileType = file.xib; name = Base; path = Base.lproj/LaunchScreen.xib; sourceTree = "<group>"; };
		ECE895721B045D6300ABE719 /* AndroidXMLLayoutForIOSTests.xctest */ = {isa = PBXFileReference; explicitFileType = wrapper.cfbundle; includeInIndex = 0; path = AndroidXMLLayoutForIOSTests.xctest; sourceTree = BUILT_PRODUCTS_DIR; };
		ECE895771B045D6300ABE719 /* Info.plist */ = {isa = PBXFileReference; lastKnownFileType = text.plist.xml; path = Info.plist; sourceTree = "<group>"; };
		ECE895781B045D6300ABE719 /* AndroidXMLLayoutForIOSTests.m */ = {isa = PBXFileReference; lastKnownFileType = sourcecode.c.objc; path = AndroidXMLLayoutForIOSTests.m; sourceTree = "<group>"; };
/* End PBXFileReference section */

/* Begin PBXFrameworksBuildPhase section */
		ECE895561B045D6200ABE719 /* Frameworks */ = {
			isa = PBXFrameworksBuildPhase;
			buildActionMask = 2147483647;
			files = (
			);
			runOnlyForDeploymentPostprocessing = 0;
		};
		ECE8956F1B045D6300ABE719 /* Frameworks */ = {
			isa = PBXFrameworksBuildPhase;
			buildActionMask = 2147483647;
			files = (
			);
			runOnlyForDeploymentPostprocessing = 0;
		};
/* End PBXFrameworksBuildPhase section */

/* Begin PBXGroup section */
		ECE895501B045D6200ABE719 = {
			isa = PBXGroup;
			children = (
				ECE8955B1B045D6200ABE719 /* AndroidXMLLayoutForIOS */,
				ECE895751B045D6300ABE719 /* AndroidXMLLayoutForIOSTests */,
				ECE8955A1B045D6200ABE719 /* Products */,
			);
			sourceTree = "<group>";
		};
		ECE8955A1B045D6200ABE719 /* Products */ = {
			isa = PBXGroup;
			children = (
				ECE895591B045D6200ABE719 /* AndroidXMLLayoutForIOS.app */,
				ECE895721B045D6300ABE719 /* AndroidXMLLayoutForIOSTests.xctest */,
			);
			name = Products;
			sourceTree = "<group>";
		};
		ECE8955B1B045D6200ABE719 /* AndroidXMLLayoutForIOS */ = {
			isa = PBXGroup;
			children = (
				ECE895601B045D6200ABE719 /* AppDelegate.h */,
				ECE895611B045D6200ABE719 /* AppDelegate.m */,
				ECE895631B045D6200ABE719 /* ViewController.h */,
				ECE895641B045D6200ABE719 /* ViewController.m */,
				ECE895661B045D6200ABE719 /* Main.storyboard */,
				ECE895691B045D6200ABE719 /* Images.xcassets */,
				ECE8956B1B045D6200ABE719 /* LaunchScreen.xib */,
				ECE8955C1B045D6200ABE719 /* Supporting Files */,
			);
			path = AndroidXMLLayoutForIOS;
			sourceTree = "<group>";
		};
		ECE8955C1B045D6200ABE719 /* Supporting Files */ = {
			isa = PBXGroup;
			children = (
				ECE8955D1B045D6200ABE719 /* Info.plist */,
				ECE8955E1B045D6200ABE719 /* main.m */,
			);
			name = "Supporting Files";
			sourceTree = "<group>";
		};
		ECE895751B045D6300ABE719 /* AndroidXMLLayoutForIOSTests */ = {
			isa = PBXGroup;
			children = (
				ECE895781B045D6300ABE719 /* AndroidXMLLayoutForIOSTests.m */,
				ECE895761B045D6300ABE719 /* Supporting Files */,
			);
			path = AndroidXMLLayoutForIOSTests;
			sourceTree = "<group>";
		};
		ECE895761B045D6300ABE719 /* Supporting Files */ = {
			isa = PBXGroup;
			children = (
				ECE895771B045D6300ABE719 /* Info.plist */,
			);
			name = "Supporting Files";
			sourceTree = "<group>";
		};
/* End PBXGroup section */

/* Begin PBXNativeTarget section */
		ECE895581B045D6200ABE719 /* AndroidXMLLayoutForIOS */ = {
			isa = PBXNativeTarget;
			buildConfigurationList = ECE8957C1B045D6300ABE719 /* Build configuration list for PBXNativeTarget "AndroidXMLLayoutForIOS" */;
			buildPhases = (
				ECE895551B045D6200ABE719 /* Sources */,
				ECE895561B045D6200ABE719 /* Frameworks */,
				ECE895571B045D6200ABE719 /* Resources */,
			);
			buildRules = (
			);
			dependencies = (
			);
			name = AndroidXMLLayoutForIOS;
			productName = AndroidXMLLayoutForIOS;
			productReference = ECE895591B045D6200ABE719 /* AndroidXMLLayoutForIOS.app */;
			productType = "com.apple.product-type.application";
		};
		ECE895711B045D6300ABE719 /* AndroidXMLLayoutForIOSTests */ = {
			isa = PBXNativeTarget;
			buildConfigurationList = ECE8957F1B045D6300ABE719 /* Build configuration list for PBXNativeTarget "AndroidXMLLayoutForIOSTests" */;
			buildPhases = (
				ECE8956E1B045D6300ABE719 /* Sources */,
				ECE8956F1B045D6300ABE719 /* Frameworks */,
				ECE895701B045D6300ABE719 /* Resources */,
			);
			buildRules = (
			);
			dependencies = (
				ECE895741B045D6300ABE719 /* PBXTargetDependency */,
			);
			name = AndroidXMLLayoutForIOSTests;
			productName = AndroidXMLLayoutForIOSTests;
			productReference = ECE895721B045D6300ABE719 /* AndroidXMLLayoutForIOSTests.xctest */;
			productType = "com.apple.product-type.bundle.unit-test";
		};
/* End PBXNativeTarget section */

/* Begin PBXProject section */
		ECE895511B045D6200ABE719 /* Project object */ = {
			isa = PBXProject;
			attributes = {
				LastUpgradeCheck = 0620;
				ORGANIZATIONNAME = FengHuang;
				TargetAttributes = {
					ECE895581B045D6200ABE719 = {
						CreatedOnToolsVersion = 6.2;
					};
					ECE895711B045D6300ABE719 = {
						CreatedOnToolsVersion = 6.2;
						TestTargetID = ECE895581B045D6200ABE719;
					};
				};
			};
			buildConfigurationList = ECE895541B045D6200ABE719 /* Build configuration list for PBXProject "AndroidXMLLayoutForIOS" */;
			compatibilityVersion = "Xcode 3.2";
			developmentRegion = English;
			hasScannedForEncodings = 0;
			knownRegions = (
				en,
				Base,
			);
			mainGroup = ECE895501B045D6200ABE719;
			productRefGroup = ECE8955A1B045D6200ABE719 /* Products */;
			projectDirPath = "";
			projectRoot = "";
			targets = (
				ECE895581B045D6200ABE719 /* AndroidXMLLayoutForIOS */,
				ECE895711B045D6300ABE719 /* AndroidXMLLayoutForIOSTests */,
			);
		};
/* End PBXProject section */

/* Begin PBXResourcesBuildPhase section */
		ECE895571B045D6200ABE719 /* Resources */ = {
			isa = PBXResourcesBuildPhase;
			buildActionMask = 2147483647;
			files = (
				ECE895681B045D6200ABE719 /* Main.storyboard in Resources */,
				ECE8956D1B045D6200ABE719 /* LaunchScreen.xib in Resources */,
				ECE8956A1B045D6200ABE719 /* Images.xcassets in Resources */,
			);
			runOnlyForDeploymentPostprocessing = 0;
		};
		ECE895701B045D6300ABE719 /* Resources */ = {
			isa = PBXResourcesBuildPhase;
			buildActionMask = 2147483647;
			files = (
			);
			runOnlyForDeploymentPostprocessing = 0;
		};
/* End PBXResourcesBuildPhase section */

/* Begin PBXSourcesBuildPhase section */
		ECE895551B045D6200ABE719 /* Sources */ = {
			isa = PBXSourcesBuildPhase;
			buildActionMask = 2147483647;
			files = (
				ECE895651B045D6200ABE719 /* ViewController.m in Sources */,
				ECE895621B045D6200ABE719 /* AppDelegate.m in Sources */,
				ECE8955F1B045D6200ABE719 /* main.m in Sources */,
			);
			runOnlyForDeploymentPostprocessing = 0;
		};
		ECE8956E1B045D6300ABE719 /* Sources */ = {
			isa = PBXSourcesBuildPhase;
			buildActionMask = 2147483647;
			files = (
				ECE895791B045D6300ABE719 /* AndroidXMLLayoutForIOSTests.m in Sources */,
			);
			runOnlyForDeploymentPostprocessing = 0;
		};
/* End PBXSourcesBuildPhase section */

/* Begin PBXTargetDependency section */
		ECE895741B045D6300ABE719 /* PBXTargetDependency */ = {
			isa = PBXTargetDependency;
			target = ECE895581B045D6200ABE719 /* AndroidXMLLayoutForIOS */;
			targetProxy = ECE895731B045D6300ABE719 /* PBXContainerItemProxy */;
		};
/* End PBXTargetDependency section */

/* Begin PBXVariantGroup section */
		ECE895661B045D6200ABE719 /* Main.storyboard */ = {
			isa = PBXVariantGroup;
			children = (
				ECE895671B045D6200ABE719 /* Base */,
			);
			name = Main.storyboard;
			sourceTree = "<group>";
		};
		ECE8956B1B045D6200ABE719 /* LaunchScreen.xib */ = {
			isa = PBXVariantGroup;
			children = (
				ECE8956C1B045D6200ABE719 /* Base */,
			);
			name = LaunchScreen.xib;
			sourceTree = "<group>";
		};
/* End PBXVariantGroup section */

/* Begin XCBuildConfiguration section */
		ECE8957A1B045D6300ABE719 /* Debug */ = {
			isa = XCBuildConfiguration;
			buildSettings = {
				ALWAYS_SEARCH_USER_PATHS = NO;
				CLANG_CXX_LANGUAGE_STANDARD = "gnu++0x";
				CLANG_CXX_LIBRARY = "libc++";
				CLANG_ENABLE_MODULES = YES;
				CLANG_ENABLE_OBJC_ARC = YES;
				CLANG_WARN_BOOL_CONVERSION = YES;
				CLANG_WARN_CONSTANT_CONVERSION = YES;
				CLANG_WARN_DIRECT_OBJC_ISA_USAGE = YES_ERROR;
				CLANG_WARN_EMPTY_BODY = YES;
				CLANG_WARN_ENUM_CONVERSION = YES;
				CLANG_WARN_INT_CONVERSION = YES;
				CLANG_WARN_OBJC_ROOT_CLASS = YES_ERROR;
				CLANG_WARN_UNREACHABLE_CODE = YES;
				CLANG_WARN__DUPLICATE_METHOD_MATCH = YES;
				"CODE_SIGN_IDENTITY[sdk=iphoneos*]" = "iPhone Developer";
				COPY_PHASE_STRIP = NO;
				ENABLE_STRICT_OBJC_MSGSEND = YES;
				GCC_C_LANGUAGE_STANDARD = gnu99;
				GCC_DYNAMIC_NO_PIC = NO;
				GCC_OPTIMIZATION_LEVEL = 0;
				GCC_PREPROCESSOR_DEFINITIONS = (
					"DEBUG=1",
					"$(inherited)",
				);
				GCC_SYMBOLS_PRIVATE_EXTERN = NO;
				GCC_WARN_64_TO_32_BIT_CONVERSION = YES;
				GCC_WARN_ABOUT_RETURN_TYPE = YES_ERROR;
				GCC_WARN_UNDECLARED_SELECTOR = YES;
				GCC_WARN_UNINITIALIZED_AUTOS = YES_AGGRESSIVE;
				GCC_WARN_UNUSED_FUNCTION = YES;
				GCC_WARN_UNUSED_VARIABLE = YES;
				IPHONEOS_DEPLOYMENT_TARGET = 8.2;
				MTL_ENABLE_DEBUG_INFO = YES;
				ONLY_ACTIVE_ARCH = YES;
				SDKROOT = iphoneos;
				TARGETED_DEVICE_FAMILY = "1,2";
			};
			name = Debug;
		};
		ECE8957B1B045D6300ABE719 /* Release */ = {
			isa = XCBuildConfiguration;
			buildSettings = {
				ALWAYS_SEARCH_USER_PATHS = NO;
				CLANG_CXX_LANGUAGE_STANDARD = "gnu++0x";
				CLANG_CXX_LIBRARY = "libc++";
				CLANG_ENABLE_MODULES = YES;
				CLANG_ENABLE_OBJC_ARC = YES;
				CLANG_WARN_BOOL_CONVERSION = YES;
				CLANG_WARN_CONSTANT_CONVERSION = YES;
				CLANG_WARN_DIRECT_OBJC_ISA_USAGE = YES_ERROR;
				CLANG_WARN_EMPTY_BODY = YES;
				CLANG_WARN_ENUM_CONVERSION = YES;
				CLANG_WARN_INT_CONVERSION = YES;
				CLANG_WARN_OBJC_ROOT_CLASS = YES_ERROR;
				CLANG_WARN_UNREACHABLE_CODE = YES;
				CLANG_WARN__DUPLICATE_METHOD_MATCH = YES;
				"CODE_SIGN_IDENTITY[sdk=iphoneos*]" = "iPhone Developer";
				COPY_PHASE_STRIP = NO;
				ENABLE_NS_ASSERTIONS = NO;
				ENABLE_STRICT_OBJC_MSGSEND = YES;
				GCC_C_LANGUAGE_STANDARD = gnu99;
				GCC_WARN_64_TO_32_BIT_CONVERSION = YES;
				GCC_WARN_ABOUT_RETURN_TYPE = YES_ERROR;
				GCC_WARN_UNDECLARED_SELECTOR = YES;
				GCC_WARN_UNINITIALIZED_AUTOS = YES_AGGRESSIVE;
				GCC_WARN_UNUSED_FUNCTION = YES;
				GCC_WARN_UNUSED_VARIABLE = YES;
				IPHONEOS_DEPLOYMENT_TARGET = 8.2;
				MTL_ENABLE_DEBUG_INFO = NO;
				SDKROOT = iphoneos;
				TARGETED_DEVICE_FAMILY = "1,2";
				VALIDATE_PRODUCT = YES;
			};
			name = Release;
		};
		ECE8957D1B045D6300ABE719 /* Debug */ = {
			isa = XCBuildConfiguration;
			buildSettings = {
				ASSETCATALOG_COMPILER_APPICON_NAME = AppIcon;
				INFOPLIST_FILE = AndroidXMLLayoutForIOS/Info.plist;
				LD_RUNPATH_SEARCH_PATHS = "$(inherited) @executable_path/Frameworks";
				PRODUCT_NAME = "$(TARGET_NAME)";
			};
			name = Debug;
		};
		ECE8957E1B045D6300ABE719 /* Release */ = {
			isa = XCBuildConfiguration;
			buildSettings = {
				ASSETCATALOG_COMPILER_APPICON_NAME = AppIcon;
				INFOPLIST_FILE = AndroidXMLLayoutForIOS/Info.plist;
				LD_RUNPATH_SEARCH_PATHS = "$(inherited) @executable_path/Frameworks";
				PRODUCT_NAME = "$(TARGET_NAME)";
			};
			name = Release;
		};
		ECE895801B045D6300ABE719 /* Debug */ = {
			isa = XCBuildConfiguration;
			buildSettings = {
				BUNDLE_LOADER = "$(TEST_HOST)";
				FRAMEWORK_SEARCH_PATHS = (
					"$(SDKROOT)/Developer/Library/Frameworks",
					"$(inherited)",
				);
				GCC_PREPROCESSOR_DEFINITIONS = (
					"DEBUG=1",
					"$(inherited)",
				);
				INFOPLIST_FILE = AndroidXMLLayoutForIOSTests/Info.plist;
				LD_RUNPATH_SEARCH_PATHS = "$(inherited) @executable_path/Frameworks @loader_path/Frameworks";
				PRODUCT_NAME = "$(TARGET_NAME)";
				TEST_HOST = "$(BUILT_PRODUCTS_DIR)/AndroidXMLLayoutForIOS.app/AndroidXMLLayoutForIOS";
			};
			name = Debug;
		};
		ECE895811B045D6300ABE719 /* Release */ = {
			isa = XCBuildConfiguration;
			buildSettings = {
				BUNDLE_LOADER = "$(TEST_HOST)";
				FRAMEWORK_SEARCH_PATHS = (
					"$(SDKROOT)/Developer/Library/Frameworks",
					"$(inherited)",
				);
				INFOPLIST_FILE = AndroidXMLLayoutForIOSTests/Info.plist;
				LD_RUNPATH_SEARCH_PATHS = "$(inherited) @executable_path/Frameworks @loader_path/Frameworks";
				PRODUCT_NAME = "$(TARGET_NAME)";
				TEST_HOST = "$(BUILT_PRODUCTS_DIR)/AndroidXMLLayoutForIOS.app/AndroidXMLLayoutForIOS";
			};
			name = Release;
		};
/* End XCBuildConfiguration section */

/* Begin XCConfigurationList section */
		ECE895541B045D6200ABE719 /* Build configuration list for PBXProject "AndroidXMLLayoutForIOS" */ = {
			isa = XCConfigurationList;
			buildConfigurations = (
				ECE8957A1B045D6300ABE719 /* Debug */,
				ECE8957B1B045D6300ABE719 /* Release */,
			);
			defaultConfigurationIsVisible = 0;
			defaultConfigurationName = Release;
		};
		ECE8957C1B045D6300ABE719 /* Build configuration list for PBXNativeTarget "AndroidXMLLayoutForIOS" */ = {
			isa = XCConfigurationList;
			buildConfigurations = (
				ECE8957D1B045D6300ABE719 /* Debug */,
				ECE8957E1B045D6300ABE719 /* Release */,
			);
			defaultConfigurationIsVisible = 0;
		};
		ECE8957F1B045D6300ABE719 /* Build configuration list for PBXNativeTarget "AndroidXMLLayoutForIOSTests" */ = {
			isa = XCConfigurationList;
			buildConfigurations = (
				ECE895801B045D6300ABE719 /* Debug */,
				ECE895811B045D6300ABE719 /* Release */,
			);
			defaultConfigurationIsVisible = 0;
		};
/* End XCConfigurationList section */
	};
	rootObject = ECE895511B045D6200ABE719 /* Project object */;
}
